{
  "originHash" : "d88019e83f9fd76d2cabac4096ba81f0a2a64478521a5aa9e3829396e4fabed4",
  "pins" : [
    {
      "identity" : "lottie-ios",
      "kind" : "remoteSourceControl",
      "location" : "https://github.com/airbnb/lottie-ios",
      "state" : {
        "revision" : "fe4c6fe3a0aa66cdeb51d549623c82ca9704b9a5",
        "version" : "4.5.0"
      }
    },
    {
      "identity" : "popupview",
      "kind" : "remoteSourceControl",
      "location" : "https://github.com/Mijick/PopupView",
      "state" : {
        "revision" : "60ebc93bbcf06d78b0123389e641c3a451c80f65",
        "version" : "2.7.1"
      }
    },
    {
      "identity" : "swiftsdk",
      "kind" : "remoteSourceControl",
      "location" : "https://github.com/TelemetryDeck/SwiftSDK",
      "state" : {
        "revision" : "b825e49b1e5d125191ac671f54402567b0a7a7f8",
        "version" : "2.4.1"
      }
    }
  ],
  "version" : 3
}
