// !$*UTF8*$!
{
	archiveVersion = 1;
	classes = {
	};
	objectVersion = 56;
	objects = {

/* Begin PBXBuildFile section */
		C00123462C86458C00DE0A7B /* inkwellpoetryApp.swift in Sources */ = {isa = PBXBuildFile; fileRef = C00123452C86458C00DE0A7B /* inkwellpoetryApp.swift */; };
		C00123482C86458C00DE0A7B /* ContentView.swift in Sources */ = {isa = PBXBuildFile; fileRef = C00123472C86458C00DE0A7B /* ContentView.swift */; };
		C001234A2C86458F00DE0A7B /* Assets.xcassets in Resources */ = {isa = PBXBuildFile; fileRef = C00123492C86458F00DE0A7B /* Assets.xcassets */; };
		C001234D2C86458F00DE0A7B /* Preview Assets.xcassets in Resources */ = {isa = PBXBuildFile; fileRef = C001234C2C86458F00DE0A7B /* Preview Assets.xcassets */; };
		C00123542C8645C200DE0A7B /* InkwellEntryModel.swift in Sources */ = {isa = PBXBuildFile; fileRef = C00123532C8645C200DE0A7B /* InkwellEntryModel.swift */; };
		C00123562C8646D600DE0A7B /* GameView.swift in Sources */ = {isa = PBXBuildFile; fileRef = C00123552C8646D600DE0A7B /* GameView.swift */; };
		C00123582C8646EF00DE0A7B /* WordList.swift in Sources */ = {isa = PBXBuildFile; fileRef = C00123572C8646EF00DE0A7B /* WordList.swift */; };
		C001235A2C8684E000DE0A7B /* ArchiveView.swift in Sources */ = {isa = PBXBuildFile; fileRef = C00123592C8684E000DE0A7B /* ArchiveView.swift */; };
		C001235E2C8CF58500DE0A7B /* FontHelper.swift in Sources */ = {isa = PBXBuildFile; fileRef = C001235D2C8CF58500DE0A7B /* FontHelper.swift */; };
		C001236F2C8E51E100DE0A7B /* TextModalComponent.swift in Sources */ = {isa = PBXBuildFile; fileRef = C001236E2C8E51E100DE0A7B /* TextModalComponent.swift */; };
		C00123712C8E538B00DE0A7B /* SettingsMenu.swift in Sources */ = {isa = PBXBuildFile; fileRef = C00123702C8E538B00DE0A7B /* SettingsMenu.swift */; };
		C00123732C8E53DF00DE0A7B /* SupportEmail.swift in Sources */ = {isa = PBXBuildFile; fileRef = C00123722C8E53DF00DE0A7B /* SupportEmail.swift */; };
		C00123752C8E540B00DE0A7B /* UIDevice+Extension.swift in Sources */ = {isa = PBXBuildFile; fileRef = C00123742C8E540B00DE0A7B /* UIDevice+Extension.swift */; };
		C00123772C8E543400DE0A7B /* Bundle+Extension.swift in Sources */ = {isa = PBXBuildFile; fileRef = C00123762C8E543400DE0A7B /* Bundle+Extension.swift */; };
		C00123792C8E544800DE0A7B /* MailView.swift in Sources */ = {isa = PBXBuildFile; fileRef = C00123782C8E544800DE0A7B /* MailView.swift */; };
		C001237B2C8E54AE00DE0A7B /* DeviceModels.json in Resources */ = {isa = PBXBuildFile; fileRef = C001237A2C8E54AD00DE0A7B /* DeviceModels.json */; };
		C001237D2C8E5B6C00DE0A7B /* RemindersView.swift in Sources */ = {isa = PBXBuildFile; fileRef = C001237C2C8E5B6C00DE0A7B /* RemindersView.swift */; };
		C001237F2C8E6E5F00DE0A7B /* LoadingScreen.swift in Sources */ = {isa = PBXBuildFile; fileRef = C001237E2C8E6E5F00DE0A7B /* LoadingScreen.swift */; };
		C00123812C8E6E8F00DE0A7B /* inkwell.json in Resources */ = {isa = PBXBuildFile; fileRef = C00123802C8E6E8E00DE0A7B /* inkwell.json */; };
		C00123842C8E6EAB00DE0A7B /* Lottie in Frameworks */ = {isa = PBXBuildFile; productRef = C00123832C8E6EAB00DE0A7B /* Lottie */; };
		C00123862C8E737D00DE0A7B /* RadialGradientRectangle.swift in Sources */ = {isa = PBXBuildFile; fileRef = C00123852C8E737C00DE0A7B /* RadialGradientRectangle.swift */; };
		C00123882C8E745F00DE0A7B /* OnboardingViewComponent.swift in Sources */ = {isa = PBXBuildFile; fileRef = C00123872C8E745F00DE0A7B /* OnboardingViewComponent.swift */; };
		C001238A2C8E74E000DE0A7B /* OnboardingView.swift in Sources */ = {isa = PBXBuildFile; fileRef = C00123892C8E74E000DE0A7B /* OnboardingView.swift */; };
/* End PBXBuildFile section */

/* Begin PBXFileReference section */
		C00123422C86458C00DE0A7B /* inkwellpoetry.app */ = {isa = PBXFileReference; explicitFileType = wrapper.application; includeInIndex = 0; path = inkwellpoetry.app; sourceTree = BUILT_PRODUCTS_DIR; };
		C00123452C86458C00DE0A7B /* inkwellpoetryApp.swift */ = {isa = PBXFileReference; lastKnownFileType = sourcecode.swift; path = inkwellpoetryApp.swift; sourceTree = "<group>"; };
		C00123472C86458C00DE0A7B /* ContentView.swift */ = {isa = PBXFileReference; lastKnownFileType = sourcecode.swift; path = ContentView.swift; sourceTree = "<group>"; };
		C00123492C86458F00DE0A7B /* Assets.xcassets */ = {isa = PBXFileReference; lastKnownFileType = folder.assetcatalog; path = Assets.xcassets; sourceTree = "<group>"; };
		C001234C2C86458F00DE0A7B /* Preview Assets.xcassets */ = {isa = PBXFileReference; lastKnownFileType = folder.assetcatalog; path = "Preview Assets.xcassets"; sourceTree = "<group>"; };
		C00123532C8645C200DE0A7B /* InkwellEntryModel.swift */ = {isa = PBXFileReference; lastKnownFileType = sourcecode.swift; path = InkwellEntryModel.swift; sourceTree = "<group>"; };
		C00123552C8646D600DE0A7B /* GameView.swift */ = {isa = PBXFileReference; lastKnownFileType = sourcecode.swift; path = GameView.swift; sourceTree = "<group>"; };
		C00123572C8646EF00DE0A7B /* WordList.swift */ = {isa = PBXFileReference; lastKnownFileType = sourcecode.swift; path = WordList.swift; sourceTree = "<group>"; };
		C00123592C8684E000DE0A7B /* ArchiveView.swift */ = {isa = PBXFileReference; lastKnownFileType = sourcecode.swift; path = ArchiveView.swift; sourceTree = "<group>"; };
		C001235D2C8CF58500DE0A7B /* FontHelper.swift */ = {isa = PBXFileReference; lastKnownFileType = sourcecode.swift; path = FontHelper.swift; sourceTree = "<group>"; };
		C00123602C8CF61100DE0A7B /* Arvo-Bold.ttf */ = {isa = PBXFileReference; lastKnownFileType = file; path = "Arvo-Bold.ttf"; sourceTree = "<group>"; };
		C00123622C8CF61200DE0A7B /* Arvo-BoldItalic.ttf */ = {isa = PBXFileReference; lastKnownFileType = file; path = "Arvo-BoldItalic.ttf"; sourceTree = "<group>"; };
		C00123632C8CF61200DE0A7B /* Arvo-Regular.ttf */ = {isa = PBXFileReference; lastKnownFileType = file; path = "Arvo-Regular.ttf"; sourceTree = "<group>"; };
		C00123642C8CF6C900DE0A7B /* Lato-Regular.ttf */ = {isa = PBXFileReference; lastKnownFileType = file; path = "Lato-Regular.ttf"; sourceTree = "<group>"; };
		C00123672C8CF6C900DE0A7B /* Lato-Thin.ttf */ = {isa = PBXFileReference; lastKnownFileType = file; path = "Lato-Thin.ttf"; sourceTree = "<group>"; };
		C001236A2C8CF6C900DE0A7B /* Lato-ThinItalic.ttf */ = {isa = PBXFileReference; lastKnownFileType = file; path = "Lato-ThinItalic.ttf"; sourceTree = "<group>"; };
		C001236B2C8CF6C900DE0A7B /* Lato-Italic.ttf */ = {isa = PBXFileReference; lastKnownFileType = file; path = "Lato-Italic.ttf"; sourceTree = "<group>"; };
		C001236C2C8CF6C900DE0A7B /* Lato-LightItalic.ttf */ = {isa = PBXFileReference; lastKnownFileType = file; path = "Lato-LightItalic.ttf"; sourceTree = "<group>"; };
		C001236D2C8CF6C900DE0A7B /* Lato-Light.ttf */ = {isa = PBXFileReference; lastKnownFileType = file; path = "Lato-Light.ttf"; sourceTree = "<group>"; };
		C001236E2C8E51E100DE0A7B /* TextModalComponent.swift */ = {isa = PBXFileReference; lastKnownFileType = sourcecode.swift; path = TextModalComponent.swift; sourceTree = "<group>"; };
		C00123702C8E538B00DE0A7B /* SettingsMenu.swift */ = {isa = PBXFileReference; lastKnownFileType = sourcecode.swift; path = SettingsMenu.swift; sourceTree = "<group>"; };
		C00123722C8E53DF00DE0A7B /* SupportEmail.swift */ = {isa = PBXFileReference; lastKnownFileType = sourcecode.swift; path = SupportEmail.swift; sourceTree = "<group>"; };
		C00123742C8E540B00DE0A7B /* UIDevice+Extension.swift */ = {isa = PBXFileReference; lastKnownFileType = sourcecode.swift; path = "UIDevice+Extension.swift"; sourceTree = "<group>"; };
		C00123762C8E543400DE0A7B /* Bundle+Extension.swift */ = {isa = PBXFileReference; lastKnownFileType = sourcecode.swift; path = "Bundle+Extension.swift"; sourceTree = "<group>"; };
		C00123782C8E544800DE0A7B /* MailView.swift */ = {isa = PBXFileReference; lastKnownFileType = sourcecode.swift; path = MailView.swift; sourceTree = "<group>"; };
		C001237A2C8E54AD00DE0A7B /* DeviceModels.json */ = {isa = PBXFileReference; fileEncoding = 4; lastKnownFileType = text.json; path = DeviceModels.json; sourceTree = "<group>"; };
		C001237C2C8E5B6C00DE0A7B /* RemindersView.swift */ = {isa = PBXFileReference; lastKnownFileType = sourcecode.swift; path = RemindersView.swift; sourceTree = "<group>"; };
		C001237E2C8E6E5F00DE0A7B /* LoadingScreen.swift */ = {isa = PBXFileReference; lastKnownFileType = sourcecode.swift; path = LoadingScreen.swift; sourceTree = "<group>"; };
		C00123802C8E6E8E00DE0A7B /* inkwell.json */ = {isa = PBXFileReference; fileEncoding = 4; lastKnownFileType = text.json; path = inkwell.json; sourceTree = "<group>"; };
		C00123852C8E737C00DE0A7B /* RadialGradientRectangle.swift */ = {isa = PBXFileReference; lastKnownFileType = sourcecode.swift; path = RadialGradientRectangle.swift; sourceTree = "<group>"; };
		C00123872C8E745F00DE0A7B /* OnboardingViewComponent.swift */ = {isa = PBXFileReference; lastKnownFileType = sourcecode.swift; path = OnboardingViewComponent.swift; sourceTree = "<group>"; };
		C00123892C8E74E000DE0A7B /* OnboardingView.swift */ = {isa = PBXFileReference; lastKnownFileType = sourcecode.swift; path = OnboardingView.swift; sourceTree = "<group>"; };
/* End PBXFileReference section */

/* Begin PBXFrameworksBuildPhase section */
		C001233F2C86458C00DE0A7B /* Frameworks */ = {
			isa = PBXFrameworksBuildPhase;
			buildActionMask = 2147483647;
			files = (
				C00123842C8E6EAB00DE0A7B /* Lottie in Frameworks */,
			);
			runOnlyForDeploymentPostprocessing = 0;
		};
/* End PBXFrameworksBuildPhase section */

/* Begin PBXGroup section */
		C00123392C86458C00DE0A7B = {
			isa = PBXGroup;
			children = (
				C00123442C86458C00DE0A7B /* inkwellpoetry */,
				C00123432C86458C00DE0A7B /* Products */,
			);
			sourceTree = "<group>";
		};
		C00123432C86458C00DE0A7B /* Products */ = {
			isa = PBXGroup;
			children = (
				C00123422C86458C00DE0A7B /* inkwellpoetry.app */,
			);
			name = Products;
			sourceTree = "<group>";
		};
		C00123442C86458C00DE0A7B /* inkwellpoetry */ = {
			isa = PBXGroup;
			children = (
				C00123452C86458C00DE0A7B /* inkwellpoetryApp.swift */,
				C00123472C86458C00DE0A7B /* ContentView.swift */,
				C00123892C8E74E000DE0A7B /* OnboardingView.swift */,
				C00123872C8E745F00DE0A7B /* OnboardingViewComponent.swift */,
				C00123532C8645C200DE0A7B /* InkwellEntryModel.swift */,
				C00123552C8646D600DE0A7B /* GameView.swift */,
				C00123592C8684E000DE0A7B /* ArchiveView.swift */,
				C001236E2C8E51E100DE0A7B /* TextModalComponent.swift */,
				C00123702C8E538B00DE0A7B /* SettingsMenu.swift */,
				C001237C2C8E5B6C00DE0A7B /* RemindersView.swift */,
				C00123722C8E53DF00DE0A7B /* SupportEmail.swift */,
				C00123742C8E540B00DE0A7B /* UIDevice+Extension.swift */,
				C00123762C8E543400DE0A7B /* Bundle+Extension.swift */,
				C00123782C8E544800DE0A7B /* MailView.swift */,
				C00123572C8646EF00DE0A7B /* WordList.swift */,
				C001235D2C8CF58500DE0A7B /* FontHelper.swift */,
				C001237E2C8E6E5F00DE0A7B /* LoadingScreen.swift */,
				C00123852C8E737C00DE0A7B /* RadialGradientRectangle.swift */,
				C00123802C8E6E8E00DE0A7B /* inkwell.json */,
				C001237A2C8E54AD00DE0A7B /* DeviceModels.json */,
				C001235F2C8CF60200DE0A7B /* Fonts */,
				C00123492C86458F00DE0A7B /* Assets.xcassets */,
				C001234B2C86458F00DE0A7B /* Preview Content */,
			);
			path = inkwellpoetry;
			sourceTree = "<group>";
		};
		C001234B2C86458F00DE0A7B /* Preview Content */ = {
			isa = PBXGroup;
			children = (
				C001234C2C86458F00DE0A7B /* Preview Assets.xcassets */,
			);
			path = "Preview Content";
			sourceTree = "<group>";
		};
		C001235F2C8CF60200DE0A7B /* Fonts */ = {
			isa = PBXGroup;
			children = (
				C00123602C8CF61100DE0A7B /* Arvo-Bold.ttf */,
				C00123622C8CF61200DE0A7B /* Arvo-BoldItalic.ttf */,
				C00123632C8CF61200DE0A7B /* Arvo-Regular.ttf */,
				C001236B2C8CF6C900DE0A7B /* Lato-Italic.ttf */,
				C001236D2C8CF6C900DE0A7B /* Lato-Light.ttf */,
				C001236C2C8CF6C900DE0A7B /* Lato-LightItalic.ttf */,
				C00123642C8CF6C900DE0A7B /* Lato-Regular.ttf */,
				C00123672C8CF6C900DE0A7B /* Lato-Thin.ttf */,
				C001236A2C8CF6C900DE0A7B /* Lato-ThinItalic.ttf */,
			);
			path = Fonts;
			sourceTree = "<group>";
		};
/* End PBXGroup section */

/* Begin PBXNativeTarget section */
		C00123412C86458C00DE0A7B /* inkwellpoetry */ = {
			isa = PBXNativeTarget;
			buildConfigurationList = C00123502C86458F00DE0A7B /* Build configuration list for PBXNativeTarget "inkwellpoetry" */;
			buildPhases = (
				C001233E2C86458C00DE0A7B /* Sources */,
				C001233F2C86458C00DE0A7B /* Frameworks */,
				C00123402C86458C00DE0A7B /* Resources */,
			);
			buildRules = (
			);
			dependencies = (
			);
			name = inkwellpoetry;
			packageProductDependencies = (
				C00123832C8E6EAB00DE0A7B /* Lottie */,
			);
			productName = inkwellpoetry;
			productReference = C00123422C86458C00DE0A7B /* inkwellpoetry.app */;
			productType = "com.apple.product-type.application";
		};
/* End PBXNativeTarget section */

/* Begin PBXProject section */
		C001233A2C86458C00DE0A7B /* Project object */ = {
			isa = PBXProject;
			attributes = {
				BuildIndependentTargetsInParallel = 1;
				LastSwiftUpdateCheck = 1540;
				LastUpgradeCheck = 1540;
				TargetAttributes = {
					C00123412C86458C00DE0A7B = {
						CreatedOnToolsVersion = 15.4;
					};
				};
			};
			buildConfigurationList = C001233D2C86458C00DE0A7B /* Build configuration list for PBXProject "inkwellpoetry" */;
			compatibilityVersion = "Xcode 14.0";
			developmentRegion = en;
			hasScannedForEncodings = 0;
			knownRegions = (
				en,
				Base,
			);
			mainGroup = C00123392C86458C00DE0A7B;
			packageReferences = (
				C00123822C8E6EAB00DE0A7B /* XCRemoteSwiftPackageReference "lottie-ios" */,
			);
			productRefGroup = C00123432C86458C00DE0A7B /* Products */;
			projectDirPath = "";
			projectRoot = "";
			targets = (
				C00123412C86458C00DE0A7B /* inkwellpoetry */,
			);
		};
/* End PBXProject section */

/* Begin PBXResourcesBuildPhase section */
		C00123402C86458C00DE0A7B /* Resources */ = {
			isa = PBXResourcesBuildPhase;
			buildActionMask = 2147483647;
			files = (
				C001234D2C86458F00DE0A7B /* Preview Assets.xcassets in Resources */,
				C001234A2C86458F00DE0A7B /* Assets.xcassets in Resources */,
				C00123812C8E6E8F00DE0A7B /* inkwell.json in Resources */,
				C001237B2C8E54AE00DE0A7B /* DeviceModels.json in Resources */,
			);
			runOnlyForDeploymentPostprocessing = 0;
		};
/* End PBXResourcesBuildPhase section */

/* Begin PBXSourcesBuildPhase section */
		C001233E2C86458C00DE0A7B /* Sources */ = {
			isa = PBXSourcesBuildPhase;
			buildActionMask = 2147483647;
			files = (
				C00123712C8E538B00DE0A7B /* SettingsMenu.swift in Sources */,
				C001236F2C8E51E100DE0A7B /* TextModalComponent.swift in Sources */,
				C00123482C86458C00DE0A7B /* ContentView.swift in Sources */,
				C001238A2C8E74E000DE0A7B /* OnboardingView.swift in Sources */,
				C00123752C8E540B00DE0A7B /* UIDevice+Extension.swift in Sources */,
				C001235A2C8684E000DE0A7B /* ArchiveView.swift in Sources */,
				C001237F2C8E6E5F00DE0A7B /* LoadingScreen.swift in Sources */,
				C00123542C8645C200DE0A7B /* InkwellEntryModel.swift in Sources */,
				C00123562C8646D600DE0A7B /* GameView.swift in Sources */,
				C00123862C8E737D00DE0A7B /* RadialGradientRectangle.swift in Sources */,
				C00123772C8E543400DE0A7B /* Bundle+Extension.swift in Sources */,
				C001237D2C8E5B6C00DE0A7B /* RemindersView.swift in Sources */,
				C00123882C8E745F00DE0A7B /* OnboardingViewComponent.swift in Sources */,
				C00123732C8E53DF00DE0A7B /* SupportEmail.swift in Sources */,
				C00123462C86458C00DE0A7B /* inkwellpoetryApp.swift in Sources */,
				C001235E2C8CF58500DE0A7B /* FontHelper.swift in Sources */,
				C00123792C8E544800DE0A7B /* MailView.swift in Sources */,
				C00123582C8646EF00DE0A7B /* WordList.swift in Sources */,
			);
			runOnlyForDeploymentPostprocessing = 0;
		};
/* End PBXSourcesBuildPhase section */

/* Begin XCBuildConfiguration section */
		C001234E2C86458F00DE0A7B /* Debug */ = {
			isa = XCBuildConfiguration;
			buildSettings = {
				ALWAYS_SEARCH_USER_PATHS = NO;
				ASSETCATALOG_COMPILER_GENERATE_SWIFT_ASSET_SYMBOL_EXTENSIONS = YES;
				CLANG_ANALYZER_NONNULL = YES;
				CLANG_ANALYZER_NUMBER_OBJECT_CONVERSION = YES_AGGRESSIVE;
				CLANG_CXX_LANGUAGE_STANDARD = "gnu++20";
				CLANG_ENABLE_MODULES = YES;
				CLANG_ENABLE_OBJC_ARC = YES;
				CLANG_ENABLE_OBJC_WEAK = YES;
				CLANG_WARN_BLOCK_CAPTURE_AUTORELEASING = YES;
				CLANG_WARN_BOOL_CONVERSION = YES;
				CLANG_WARN_COMMA = YES;
				CLANG_WARN_CONSTANT_CONVERSION = YES;
				CLANG_WARN_DEPRECATED_OBJC_IMPLEMENTATIONS = YES;
				CLANG_WARN_DIRECT_OBJC_ISA_USAGE = YES_ERROR;
				CLANG_WARN_DOCUMENTATION_COMMENTS = YES;
				CLANG_WARN_EMPTY_BODY = YES;
				CLANG_WARN_ENUM_CONVERSION = YES;
				CLANG_WARN_INFINITE_RECURSION = YES;
				CLANG_WARN_INT_CONVERSION = YES;
				CLANG_WARN_NON_LITERAL_NULL_CONVERSION = YES;
				CLANG_WARN_OBJC_IMPLICIT_RETAIN_SELF = YES;
				CLANG_WARN_OBJC_LITERAL_CONVERSION = YES;
				CLANG_WARN_OBJC_ROOT_CLASS = YES_ERROR;
				CLANG_WARN_QUOTED_INCLUDE_IN_FRAMEWORK_HEADER = YES;
				CLANG_WARN_RANGE_LOOP_ANALYSIS = YES;
				CLANG_WARN_STRICT_PROTOTYPES = YES;
				CLANG_WARN_SUSPICIOUS_MOVE = YES;
				CLANG_WARN_UNGUARDED_AVAILABILITY = YES_AGGRESSIVE;
				CLANG_WARN_UNREACHABLE_CODE = YES;
				CLANG_WARN__DUPLICATE_METHOD_MATCH = YES;
				COPY_PHASE_STRIP = NO;
				DEBUG_INFORMATION_FORMAT = dwarf;
				ENABLE_STRICT_OBJC_MSGSEND = YES;
				ENABLE_TESTABILITY = YES;
				ENABLE_USER_SCRIPT_SANDBOXING = YES;
				GCC_C_LANGUAGE_STANDARD = gnu17;
				GCC_DYNAMIC_NO_PIC = NO;
				GCC_NO_COMMON_BLOCKS = YES;
				GCC_OPTIMIZATION_LEVEL = 0;
				GCC_PREPROCESSOR_DEFINITIONS = (
					"DEBUG=1",
					"$(inherited)",
				);
				GCC_WARN_64_TO_32_BIT_CONVERSION = YES;
				GCC_WARN_ABOUT_RETURN_TYPE = YES_ERROR;
				GCC_WARN_UNDECLARED_SELECTOR = YES;
				GCC_WARN_UNINITIALIZED_AUTOS = YES_AGGRESSIVE;
				GCC_WARN_UNUSED_FUNCTION = YES;
				GCC_WARN_UNUSED_VARIABLE = YES;
				IPHONEOS_DEPLOYMENT_TARGET = 17.5;
				LOCALIZATION_PREFERS_STRING_CATALOGS = YES;
				MTL_ENABLE_DEBUG_INFO = INCLUDE_SOURCE;
				MTL_FAST_MATH = YES;
				ONLY_ACTIVE_ARCH = YES;
				SDKROOT = iphoneos;
				SWIFT_ACTIVE_COMPILATION_CONDITIONS = "DEBUG $(inherited)";
				SWIFT_OPTIMIZATION_LEVEL = "-Onone";
			};
			name = Debug;
		};
		C001234F2C86458F00DE0A7B /* Release */ = {
			isa = XCBuildConfiguration;
			buildSettings = {
				ALWAYS_SEARCH_USER_PATHS = NO;
				ASSETCATALOG_COMPILER_GENERATE_SWIFT_ASSET_SYMBOL_EXTENSIONS = YES;
				CLANG_ANALYZER_NONNULL = YES;
				CLANG_ANALYZER_NUMBER_OBJECT_CONVERSION = YES_AGGRESSIVE;
				CLANG_CXX_LANGUAGE_STANDARD = "gnu++20";
				CLANG_ENABLE_MODULES = YES;
				CLANG_ENABLE_OBJC_ARC = YES;
				CLANG_ENABLE_OBJC_WEAK = YES;
				CLANG_WARN_BLOCK_CAPTURE_AUTORELEASING = YES;
				CLANG_WARN_BOOL_CONVERSION = YES;
				CLANG_WARN_COMMA = YES;
				CLANG_WARN_CONSTANT_CONVERSION = YES;
				CLANG_WARN_DEPRECATED_OBJC_IMPLEMENTATIONS = YES;
				CLANG_WARN_DIRECT_OBJC_ISA_USAGE = YES_ERROR;
				CLANG_WARN_DOCUMENTATION_COMMENTS = YES;
				CLANG_WARN_EMPTY_BODY = YES;
				CLANG_WARN_ENUM_CONVERSION = YES;
				CLANG_WARN_INFINITE_RECURSION = YES;
				CLANG_WARN_INT_CONVERSION = YES;
				CLANG_WARN_NON_LITERAL_NULL_CONVERSION = YES;
				CLANG_WARN_OBJC_IMPLICIT_RETAIN_SELF = YES;
				CLANG_WARN_OBJC_LITERAL_CONVERSION = YES;
				CLANG_WARN_OBJC_ROOT_CLASS = YES_ERROR;
				CLANG_WARN_QUOTED_INCLUDE_IN_FRAMEWORK_HEADER = YES;
				CLANG_WARN_RANGE_LOOP_ANALYSIS = YES;
				CLANG_WARN_STRICT_PROTOTYPES = YES;
				CLANG_WARN_SUSPICIOUS_MOVE = YES;
				CLANG_WARN_UNGUARDED_AVAILABILITY = YES_AGGRESSIVE;
				CLANG_WARN_UNREACHABLE_CODE = YES;
				CLANG_WARN__DUPLICATE_METHOD_MATCH = YES;
				COPY_PHASE_STRIP = NO;
				DEBUG_INFORMATION_FORMAT = "dwarf-with-dsym";
				ENABLE_NS_ASSERTIONS = NO;
				ENABLE_STRICT_OBJC_MSGSEND = YES;
				ENABLE_USER_SCRIPT_SANDBOXING = YES;
				GCC_C_LANGUAGE_STANDARD = gnu17;
				GCC_NO_COMMON_BLOCKS = YES;
				GCC_WARN_64_TO_32_BIT_CONVERSION = YES;
				GCC_WARN_ABOUT_RETURN_TYPE = YES_ERROR;
				GCC_WARN_UNDECLARED_SELECTOR = YES;
				GCC_WARN_UNINITIALIZED_AUTOS = YES_AGGRESSIVE;
				GCC_WARN_UNUSED_FUNCTION = YES;
				GCC_WARN_UNUSED_VARIABLE = YES;
				IPHONEOS_DEPLOYMENT_TARGET = 17.5;
				LOCALIZATION_PREFERS_STRING_CATALOGS = YES;
				MTL_ENABLE_DEBUG_INFO = NO;
				MTL_FAST_MATH = YES;
				SDKROOT = iphoneos;
				SWIFT_COMPILATION_MODE = wholemodule;
				VALIDATE_PRODUCT = YES;
			};
			name = Release;
		};
		C00123512C86458F00DE0A7B /* Debug */ = {
			isa = XCBuildConfiguration;
			buildSettings = {
				ASSETCATALOG_COMPILER_APPICON_NAME = AppIcon;
				ASSETCATALOG_COMPILER_GLOBAL_ACCENT_COLOR_NAME = AccentColor;
				CODE_SIGN_STYLE = Automatic;
				CURRENT_PROJECT_VERSION = 1;
				DEVELOPMENT_ASSET_PATHS = "\"inkwellpoetry/Preview Content\"";
				DEVELOPMENT_TEAM = 93L3B9MA94;
				ENABLE_PREVIEWS = YES;
				GENERATE_INFOPLIST_FILE = YES;
				INFOPLIST_KEY_UIApplicationSceneManifest_Generation = YES;
				INFOPLIST_KEY_UIApplicationSupportsIndirectInputEvents = YES;
				INFOPLIST_KEY_UILaunchScreen_Generation = YES;
				INFOPLIST_KEY_UISupportedInterfaceOrientations_iPad = "UIInterfaceOrientationPortrait UIInterfaceOrientationPortraitUpsideDown UIInterfaceOrientationLandscapeLeft UIInterfaceOrientationLandscapeRight";
				INFOPLIST_KEY_UISupportedInterfaceOrientations_iPhone = "UIInterfaceOrientationPortrait UIInterfaceOrientationLandscapeLeft UIInterfaceOrientationLandscapeRight";
				LD_RUNPATH_SEARCH_PATHS = (
					"$(inherited)",
					"@executable_path/Frameworks",
				);
				MARKETING_VERSION = 1.0;
				PRODUCT_BUNDLE_IDENTIFIER = com.kswan.inkwellpoetry;
				PRODUCT_NAME = "$(TARGET_NAME)";
				SWIFT_EMIT_LOC_STRINGS = YES;
				SWIFT_VERSION = 5.0;
				TARGETED_DEVICE_FAMILY = "1,2";
			};
			name = Debug;
		};
		C00123522C86458F00DE0A7B /* Release */ = {
			isa = XCBuildConfiguration;
			buildSettings = {
				ASSETCATALOG_COMPILER_APPICON_NAME = AppIcon;
				ASSETCATALOG_COMPILER_GLOBAL_ACCENT_COLOR_NAME = AccentColor;
				CODE_SIGN_STYLE = Automatic;
				CURRENT_PROJECT_VERSION = 1;
				DEVELOPMENT_ASSET_PATHS = "\"inkwellpoetry/Preview Content\"";
				DEVELOPMENT_TEAM = 93L3B9MA94;
				ENABLE_PREVIEWS = YES;
				GENERATE_INFOPLIST_FILE = YES;
				INFOPLIST_KEY_UIApplicationSceneManifest_Generation = YES;
				INFOPLIST_KEY_UIApplicationSupportsIndirectInputEvents = YES;
				INFOPLIST_KEY_UILaunchScreen_Generation = YES;
				INFOPLIST_KEY_UISupportedInterfaceOrientations_iPad = "UIInterfaceOrientationPortrait UIInterfaceOrientationPortraitUpsideDown UIInterfaceOrientationLandscapeLeft UIInterfaceOrientationLandscapeRight";
				INFOPLIST_KEY_UISupportedInterfaceOrientations_iPhone = "UIInterfaceOrientationPortrait UIInterfaceOrientationLandscapeLeft UIInterfaceOrientationLandscapeRight";
				LD_RUNPATH_SEARCH_PATHS = (
					"$(inherited)",
					"@executable_path/Frameworks",
				);
				MARKETING_VERSION = 1.0;
				PRODUCT_BUNDLE_IDENTIFIER = com.kswan.inkwellpoetry;
				PRODUCT_NAME = "$(TARGET_NAME)";
				SWIFT_EMIT_LOC_STRINGS = YES;
				SWIFT_VERSION = 5.0;
				TARGETED_DEVICE_FAMILY = "1,2";
			};
			name = Release;
		};
/* End XCBuildConfiguration section */

/* Begin XCConfigurationList section */
		C001233D2C86458C00DE0A7B /* Build configuration list for PBXProject "inkwellpoetry" */ = {
			isa = XCConfigurationList;
			buildConfigurations = (
				C001234E2C86458F00DE0A7B /* Debug */,
				C001234F2C86458F00DE0A7B /* Release */,
			);
			defaultConfigurationIsVisible = 0;
			defaultConfigurationName = Release;
		};
		C00123502C86458F00DE0A7B /* Build configuration list for PBXNativeTarget "inkwellpoetry" */ = {
			isa = XCConfigurationList;
			buildConfigurations = (
				C00123512C86458F00DE0A7B /* Debug */,
				C00123522C86458F00DE0A7B /* Release */,
			);
			defaultConfigurationIsVisible = 0;
			defaultConfigurationName = Release;
		};
/* End XCConfigurationList section */

/* Begin XCRemoteSwiftPackageReference section */
		C00123822C8E6EAB00DE0A7B /* XCRemoteSwiftPackageReference "lottie-ios" */ = {
			isa = XCRemoteSwiftPackageReference;
			repositoryURL = "https://github.com/airbnb/lottie-ios";
			requirement = {
				kind = upToNextMajorVersion;
				minimumVersion = 4.5.0;
			};
		};
/* End XCRemoteSwiftPackageReference section */

/* Begin XCSwiftPackageProductDependency section */
		C00123832C8E6EAB00DE0A7B /* Lottie */ = {
			isa = XCSwiftPackageProductDependency;
			package = C00123822C8E6EAB00DE0A7B /* XCRemoteSwiftPackageReference "lottie-ios" */;
			productName = Lottie;
		};
/* End XCSwiftPackageProductDependency section */
	};
	rootObject = C001233A2C86458C00DE0A7B /* Project object */;
}
